
Microsoft Visual Studio Solution File, Format Version 12.00
# Visual Studio Version 17
VisualStudioVersion = 17.1.32328.378
MinimumVisualStudioVersion = 10.0.40219.1
Project("{FAE04EC0-301F-11D3-BF4B-00C04F79EFBC}") = "AccesoBD", "AccesoBD\AccesoBD.csproj", "{9A471B35-4A9F-4415-883C-481DB7E2ADC0}"
EndProject
Project("{FAE04EC0-301F-11D3-BF4B-00C04F79EFBC}") = "Logica", "Logica\Logica.csproj", "{1DDB064F-ACBC-4F7E-857F-8DC0B6E28B1F}"
EndProject
Project("{FAE04EC0-301F-11D3-BF4B-00C04F79EFBC}") = "ApiPelicula", "ApiPelicula\ApiPelicula.csproj", "{22576920-EA0F-44A3-876B-9423072DA682}"
EndProject
Global
	GlobalSection(SolutionConfigurationPlatforms) = preSolution
		Debug|Any CPU = Debug|Any CPU
		Release|Any CPU = Release|Any CPU
	EndGlobalSection
	GlobalSection(ProjectConfigurationPlatforms) = postSolution
		{9A471B35-4A9F-4415-883C-481DB7E2ADC0}.Debug|Any CPU.ActiveCfg = Debug|Any CPU
		{9A471B35-4A9F-4415-883C-481DB7E2ADC0}.Debug|Any CPU.Build.0 = Debug|Any CPU
		{9A471B35-4A9F-4415-883C-481DB7E2ADC0}.Release|Any CPU.ActiveCfg = Release|Any CPU
		{9A471B35-4A9F-4415-883C-481DB7E2ADC0}.Release|Any CPU.Build.0 = Release|Any CPU
		{1DDB064F-ACBC-4F7E-857F-8DC0B6E28B1F}.Debug|Any CPU.ActiveCfg = Debug|Any CPU
		{1DDB064F-ACBC-4F7E-857F-8DC0B6E28B1F}.Debug|Any CPU.Build.0 = Debug|Any CPU
		{1DDB064F-ACBC-4F7E-857F-8DC0B6E28B1F}.Release|Any CPU.ActiveCfg = Release|Any CPU
		{1DDB064F-ACBC-4F7E-857F-8DC0B6E28B1F}.Release|Any CPU.Build.0 = Release|Any CPU
		{22576920-EA0F-44A3-876B-9423072DA682}.Debug|Any CPU.ActiveCfg = Debug|Any CPU
		{22576920-EA0F-44A3-876B-9423072DA682}.Debug|Any CPU.Build.0 = Debug|Any CPU
		{22576920-EA0F-44A3-876B-9423072DA682}.Release|Any CPU.ActiveCfg = Release|Any CPU
		{22576920-EA0F-44A3-876B-9423072DA682}.Release|Any CPU.Build.0 = Release|Any CPU
	EndGlobalSection
	GlobalSection(SolutionProperties) = preSolution
		HideSolutionNode = FALSE
	EndGlobalSection
	GlobalSection(ExtensibilityGlobals) = postSolution
		SolutionGuid = {B17AEB83-48D2-4116-AD8E-BA9B40A5E2D9}
	EndGlobalSection
EndGlobal
